
Microsoft Visual Studio Solution File, Format Version 12.00
# Visual Studio Version 17
VisualStudioVersion = 17.7.34202.233
MinimumVisualStudioVersion = 10.0.40219.1
Project("{6989167D-11E4-40FE-8C1A-2192A86A7E90}") = "CalcPi", "CalcPi\CalcPi.vfproj", "{CE7A3A48-2AE3-4D13-9BC1-AC0749EA81A5}"
EndProject
Global
	GlobalSection(SolutionConfigurationPlatforms) = preSolution
		Debug|x64 = Debug|x64
		Debug|x86 = Debug|x86
		Release|x64 = Release|x64
		Release|x86 = Release|x86
	EndGlobalSection
	GlobalSection(ProjectConfigurationPlatforms) = postSolution
		{CE7A3A48-2AE3-4D13-9BC1-AC0749EA81A5}.Debug|x64.ActiveCfg = Debug|x64
		{CE7A3A48-2AE3-4D13-9BC1-AC0749EA81A5}.Debug|x64.Build.0 = Debug|x64
		{CE7A3A48-2AE3-4D13-9BC1-AC0749EA81A5}.Debug|x86.ActiveCfg = Debug|Win32
		{CE7A3A48-2AE3-4D13-9BC1-AC0749EA81A5}.Debug|x86.Build.0 = Debug|Win32
		{CE7A3A48-2AE3-4D13-9BC1-AC0749EA81A5}.Release|x64.ActiveCfg = Release|x64
		{CE7A3A48-2AE3-4D13-9BC1-AC0749EA81A5}.Release|x64.Build.0 = Release|x64
		{CE7A3A48-2AE3-4D13-9BC1-AC0749EA81A5}.Release|x86.ActiveCfg = Release|Win32
		{CE7A3A48-2AE3-4D13-9BC1-AC0749EA81A5}.Release|x86.Build.0 = Release|Win32
	EndGlobalSection
	GlobalSection(SolutionProperties) = preSolution
		HideSolutionNode = FALSE
	EndGlobalSection
	GlobalSection(ExtensibilityGlobals) = postSolution
		SolutionGuid = {ADEAB686-17AC-46F7-925B-AE9548531B4A}
	EndGlobalSection
EndGlobal
